{
  "name": "lesson_1",
  "lockfileVersion": 3,
  "requires": true,
  "packages": {
    "": {
      "dependencies": {
        "lucide": "^0.314.0"
      }
    },
    "node_modules/lucide": {
      "version": "0.314.0",
      "resolved": "https://registry.npmjs.org/lucide/-/lucide-0.314.0.tgz",
      "integrity": "sha512-MErc+Ku1tZMSUrDNw67jxF/Yj0e+CBFYo43/i4A2Isz6WMHBi+VWZ+9nnK36LOvEZ+GDxHeA4m93OR1hKlPZTg=="
    }
  }
}
